
Microsoft Visual Studio Solution File, Format Version 12.00
# Visual Studio Version 17
VisualStudioVersion = 17.8.34330.188
MinimumVisualStudioVersion = 10.0.40219.1
Project("{FAE04EC0-301F-11D3-BF4B-00C04F79EFBC}") = "SahibineOtoGaleri", "SahibineOtoGaleri\SahibineOtoGaleri.csproj", "{EE86728C-73D3-48E0-AB29-82AB49F11486}"
EndProject
Global
	GlobalSection(SolutionConfigurationPlatforms) = preSolution
		Debug|Any CPU = Debug|Any CPU
		Release|Any CPU = Release|Any CPU
	EndGlobalSection
	GlobalSection(ProjectConfigurationPlatforms) = postSolution
		{EE86728C-73D3-48E0-AB29-82AB49F11486}.Debug|Any CPU.ActiveCfg = Debug|Any CPU
		{EE86728C-73D3-48E0-AB29-82AB49F11486}.Debug|Any CPU.Build.0 = Debug|Any CPU
		{EE86728C-73D3-48E0-AB29-82AB49F11486}.Release|Any CPU.ActiveCfg = Release|Any CPU
		{EE86728C-73D3-48E0-AB29-82AB49F11486}.Release|Any CPU.Build.0 = Release|Any CPU
	EndGlobalSection
	GlobalSection(SolutionProperties) = preSolution
		HideSolutionNode = FALSE
	EndGlobalSection
	GlobalSection(ExtensibilityGlobals) = postSolution
		SolutionGuid = {0E15BED7-19A6-4969-8C1A-7FD992106B94}
	EndGlobalSection
EndGlobal
